// !$*UTF8*$!
{
	archiveVersion = 1;
	classes = {
	};
	objectVersion = 56;
	objects = {

/* Begin PBXBuildFile section */
		20C58C5A2A25080000132FD2 /* ar_stylistApp.swift in Sources */ = {isa = PBXBuildFile; fileRef = 20C58C592A25080000132FD2 /* ar_stylistApp.swift */; };
		20C58C5C2A25080000132FD2 /* ContentView.swift in Sources */ = {isa = PBXBuildFile; fileRef = 20C58C5B2A25080000132FD2 /* ContentView.swift */; };
		20C58C5E2A25080300132FD2 /* Assets.xcassets in Resources */ = {isa = PBXBuildFile; fileRef = 20C58C5D2A25080300132FD2 /* Assets.xcassets */; };
		20C58C612A25080300132FD2 /* Preview Assets.xcassets in Resources */ = {isa = PBXBuildFile; fileRef = 20C58C602A25080300132FD2 /* Preview Assets.xcassets */; };
		20C58C6A2A252B3800132FD2 /* ViewController.swift in Sources */ = {isa = PBXBuildFile; fileRef = 20C58C692A252B3800132FD2 /* ViewController.swift */; };
		20C58C6C2A252B4700132FD2 /* Main.storyboard in Resources */ = {isa = PBXBuildFile; fileRef = 20C58C6B2A252B4700132FD2 /* Main.storyboard */; };
		20C58C6E2A252B5200132FD2 /* LaunchScreen.storyboard in Resources */ = {isa = PBXBuildFile; fileRef = 20C58C6D2A252B5200132FD2 /* LaunchScreen.storyboard */; };
		20C58C702A25664700132FD2 /* PlayerView.swift in Sources */ = {isa = PBXBuildFile; fileRef = 20C58C6F2A25664700132FD2 /* PlayerView.swift */; };
		20C58C722A25746300132FD2 /* fashion.mp4 in Resources */ = {isa = PBXBuildFile; fileRef = 20C58C712A25746200132FD2 /* fashion.mp4 */; };
/* End PBXBuildFile section */

/* Begin PBXFileReference section */
		20C58C562A25080000132FD2 /* ar-stylist.app */ = {isa = PBXFileReference; explicitFileType = wrapper.application; includeInIndex = 0; path = "ar-stylist.app"; sourceTree = BUILT_PRODUCTS_DIR; };
		20C58C592A25080000132FD2 /* ar_stylistApp.swift */ = {isa = PBXFileReference; lastKnownFileType = sourcecode.swift; path = ar_stylistApp.swift; sourceTree = "<group>"; };
		20C58C5B2A25080000132FD2 /* ContentView.swift */ = {isa = PBXFileReference; lastKnownFileType = sourcecode.swift; path = ContentView.swift; sourceTree = "<group>"; };
		20C58C5D2A25080300132FD2 /* Assets.xcassets */ = {isa = PBXFileReference; lastKnownFileType = folder.assetcatalog; path = Assets.xcassets; sourceTree = "<group>"; };
		20C58C602A25080300132FD2 /* Preview Assets.xcassets */ = {isa = PBXFileReference; lastKnownFileType = folder.assetcatalog; path = "Preview Assets.xcassets"; sourceTree = "<group>"; };
		20C58C692A252B3800132FD2 /* ViewController.swift */ = {isa = PBXFileReference; fileEncoding = 4; lastKnownFileType = sourcecode.swift; path = ViewController.swift; sourceTree = "<group>"; };
		20C58C6B2A252B4700132FD2 /* Main.storyboard */ = {isa = PBXFileReference; fileEncoding = 4; lastKnownFileType = file.storyboard; path = Main.storyboard; sourceTree = "<group>"; };
		20C58C6D2A252B5200132FD2 /* LaunchScreen.storyboard */ = {isa = PBXFileReference; fileEncoding = 4; lastKnownFileType = file.storyboard; path = LaunchScreen.storyboard; sourceTree = "<group>"; };
		20C58C6F2A25664700132FD2 /* PlayerView.swift */ = {isa = PBXFileReference; lastKnownFileType = sourcecode.swift; path = PlayerView.swift; sourceTree = "<group>"; };
		20C58C712A25746200132FD2 /* fashion.mp4 */ = {isa = PBXFileReference; lastKnownFileType = file; path = fashion.mp4; sourceTree = "<group>"; };
/* End PBXFileReference section */

/* Begin PBXFrameworksBuildPhase section */
		20C58C532A25080000132FD2 /* Frameworks */ = {
			isa = PBXFrameworksBuildPhase;
			buildActionMask = 2147483647;
			files = (
			);
			runOnlyForDeploymentPostprocessing = 0;
		};
/* End PBXFrameworksBuildPhase section */

/* Begin PBXGroup section */
		20C58C4D2A25080000132FD2 = {
			isa = PBXGroup;
			children = (
				20C58C582A25080000132FD2 /* ar-stylist */,
				20C58C572A25080000132FD2 /* Products */,
			);
			sourceTree = "<group>";
		};
		20C58C572A25080000132FD2 /* Products */ = {
			isa = PBXGroup;
			children = (
				20C58C562A25080000132FD2 /* ar-stylist.app */,
			);
			name = Products;
			sourceTree = "<group>";
		};
		20C58C582A25080000132FD2 /* ar-stylist */ = {
			isa = PBXGroup;
			children = (
				20C58C592A25080000132FD2 /* ar_stylistApp.swift */,
				20C58C5B2A25080000132FD2 /* ContentView.swift */,
				20C58C692A252B3800132FD2 /* ViewController.swift */,
				20C58C6B2A252B4700132FD2 /* Main.storyboard */,
				20C58C6D2A252B5200132FD2 /* LaunchScreen.storyboard */,
				20C58C5D2A25080300132FD2 /* Assets.xcassets */,
				20C58C5F2A25080300132FD2 /* Preview Content */,
				20C58C6F2A25664700132FD2 /* PlayerView.swift */,
				20C58C712A25746200132FD2 /* fashion.mp4 */,
			);
			path = "ar-stylist";
			sourceTree = "<group>";
		};
		20C58C5F2A25080300132FD2 /* Preview Content */ = {
			isa = PBXGroup;
			children = (
				20C58C602A25080300132FD2 /* Preview Assets.xcassets */,
			);
			path = "Preview Content";
			sourceTree = "<group>";
		};
/* End PBXGroup section */

/* Begin PBXNativeTarget section */
		20C58C552A25080000132FD2 /* ar-stylist */ = {
			isa = PBXNativeTarget;
			buildConfigurationList = 20C58C642A25080300132FD2 /* Build configuration list for PBXNativeTarget "ar-stylist" */;
			buildPhases = (
				20C58C522A25080000132FD2 /* Sources */,
				20C58C532A25080000132FD2 /* Frameworks */,
				20C58C542A25080000132FD2 /* Resources */,
			);
			buildRules = (
			);
			dependencies = (
			);
			name = "ar-stylist";
			productName = "ar-stylist";
			productReference = 20C58C562A25080000132FD2 /* ar-stylist.app */;
			productType = "com.apple.product-type.application";
		};
/* End PBXNativeTarget section */

/* Begin PBXProject section */
		20C58C4E2A25080000132FD2 /* Project object */ = {
			isa = PBXProject;
			attributes = {
				BuildIndependentTargetsInParallel = 1;
				KnownAssetTags = (
					fashion,
				);
				LastSwiftUpdateCheck = 1430;
				LastUpgradeCheck = 1430;
				TargetAttributes = {
					20C58C552A25080000132FD2 = {
						CreatedOnToolsVersion = 14.3;
					};
				};
			};
			buildConfigurationList = 20C58C512A25080000132FD2 /* Build configuration list for PBXProject "ar-stylist" */;
			compatibilityVersion = "Xcode 14.0";
			developmentRegion = en;
			hasScannedForEncodings = 0;
			knownRegions = (
				en,
				Base,
			);
			mainGroup = 20C58C4D2A25080000132FD2;
			productRefGroup = 20C58C572A25080000132FD2 /* Products */;
			projectDirPath = "";
			projectRoot = "";
			targets = (
				20C58C552A25080000132FD2 /* ar-stylist */,
			);
		};
/* End PBXProject section */

/* Begin PBXResourcesBuildPhase section */
		20C58C542A25080000132FD2 /* Resources */ = {
			isa = PBXResourcesBuildPhase;
			buildActionMask = 2147483647;
			files = (
				20C58C6C2A252B4700132FD2 /* Main.storyboard in Resources */,
				20C58C722A25746300132FD2 /* fashion.mp4 in Resources */,
				20C58C6E2A252B5200132FD2 /* LaunchScreen.storyboard in Resources */,
				20C58C612A25080300132FD2 /* Preview Assets.xcassets in Resources */,
				20C58C5E2A25080300132FD2 /* Assets.xcassets in Resources */,
			);
			runOnlyForDeploymentPostprocessing = 0;
		};
/* End PBXResourcesBuildPhase section */

/* Begin PBXSourcesBuildPhase section */
		20C58C522A25080000132FD2 /* Sources */ = {
			isa = PBXSourcesBuildPhase;
			buildActionMask = 2147483647;
			files = (
				20C58C6A2A252B3800132FD2 /* ViewController.swift in Sources */,
				20C58C5C2A25080000132FD2 /* ContentView.swift in Sources */,
				20C58C5A2A25080000132FD2 /* ar_stylistApp.swift in Sources */,
				20C58C702A25664700132FD2 /* PlayerView.swift in Sources */,
			);
			runOnlyForDeploymentPostprocessing = 0;
		};
/* End PBXSourcesBuildPhase section */

/* Begin XCBuildConfiguration section */
		20C58C622A25080300132FD2 /* Debug */ = {
			isa = XCBuildConfiguration;
			buildSettings = {
				ALWAYS_SEARCH_USER_PATHS = NO;
				CLANG_ANALYZER_NONNULL = YES;
				CLANG_ANALYZER_NUMBER_OBJECT_CONVERSION = YES_AGGRESSIVE;
				CLANG_CXX_LANGUAGE_STANDARD = "gnu++20";
				CLANG_ENABLE_MODULES = YES;
				CLANG_ENABLE_OBJC_ARC = YES;
				CLANG_ENABLE_OBJC_WEAK = YES;
				CLANG_WARN_BLOCK_CAPTURE_AUTORELEASING = YES;
				CLANG_WARN_BOOL_CONVERSION = YES;
				CLANG_WARN_COMMA = YES;
				CLANG_WARN_CONSTANT_CONVERSION = YES;
				CLANG_WARN_DEPRECATED_OBJC_IMPLEMENTATIONS = YES;
				CLANG_WARN_DIRECT_OBJC_ISA_USAGE = YES_ERROR;
				CLANG_WARN_DOCUMENTATION_COMMENTS = YES;
				CLANG_WARN_EMPTY_BODY = YES;
				CLANG_WARN_ENUM_CONVERSION = YES;
				CLANG_WARN_INFINITE_RECURSION = YES;
				CLANG_WARN_INT_CONVERSION = YES;
				CLANG_WARN_NON_LITERAL_NULL_CONVERSION = YES;
				CLANG_WARN_OBJC_IMPLICIT_RETAIN_SELF = YES;
				CLANG_WARN_OBJC_LITERAL_CONVERSION = YES;
				CLANG_WARN_OBJC_ROOT_CLASS = YES_ERROR;
				CLANG_WARN_QUOTED_INCLUDE_IN_FRAMEWORK_HEADER = YES;
				CLANG_WARN_RANGE_LOOP_ANALYSIS = YES;
				CLANG_WARN_STRICT_PROTOTYPES = YES;
				CLANG_WARN_SUSPICIOUS_MOVE = YES;
				CLANG_WARN_UNGUARDED_AVAILABILITY = YES_AGGRESSIVE;
				CLANG_WARN_UNREACHABLE_CODE = YES;
				CLANG_WARN__DUPLICATE_METHOD_MATCH = YES;
				COPY_PHASE_STRIP = NO;
				DEBUG_INFORMATION_FORMAT = dwarf;
				ENABLE_STRICT_OBJC_MSGSEND = YES;
				ENABLE_TESTABILITY = YES;
				GCC_C_LANGUAGE_STANDARD = gnu11;
				GCC_DYNAMIC_NO_PIC = NO;
				GCC_NO_COMMON_BLOCKS = YES;
				GCC_OPTIMIZATION_LEVEL = 0;
				GCC_PREPROCESSOR_DEFINITIONS = (
					"DEBUG=1",
					"$(inherited)",
				);
				GCC_WARN_64_TO_32_BIT_CONVERSION = YES;
				GCC_WARN_ABOUT_RETURN_TYPE = YES_ERROR;
				GCC_WARN_UNDECLARED_SELECTOR = YES;
				GCC_WARN_UNINITIALIZED_AUTOS = YES_AGGRESSIVE;
				GCC_WARN_UNUSED_FUNCTION = YES;
				GCC_WARN_UNUSED_VARIABLE = YES;
				IPHONEOS_DEPLOYMENT_TARGET = 16.4;
				MTL_ENABLE_DEBUG_INFO = INCLUDE_SOURCE;
				MTL_FAST_MATH = YES;
				ONLY_ACTIVE_ARCH = YES;
				SDKROOT = iphoneos;
				SWIFT_ACTIVE_COMPILATION_CONDITIONS = DEBUG;
				SWIFT_OPTIMIZATION_LEVEL = "-Onone";
			};
			name = Debug;
		};
		20C58C632A25080300132FD2 /* Release */ = {
			isa = XCBuildConfiguration;
			buildSettings = {
				ALWAYS_SEARCH_USER_PATHS = NO;
				CLANG_ANALYZER_NONNULL = YES;
				CLANG_ANALYZER_NUMBER_OBJECT_CONVERSION = YES_AGGRESSIVE;
				CLANG_CXX_LANGUAGE_STANDARD = "gnu++20";
				CLANG_ENABLE_MODULES = YES;
				CLANG_ENABLE_OBJC_ARC = YES;
				CLANG_ENABLE_OBJC_WEAK = YES;
				CLANG_WARN_BLOCK_CAPTURE_AUTORELEASING = YES;
				CLANG_WARN_BOOL_CONVERSION = YES;
				CLANG_WARN_COMMA = YES;
				CLANG_WARN_CONSTANT_CONVERSION = YES;
				CLANG_WARN_DEPRECATED_OBJC_IMPLEMENTATIONS = YES;
				CLANG_WARN_DIRECT_OBJC_ISA_USAGE = YES_ERROR;
				CLANG_WARN_DOCUMENTATION_COMMENTS = YES;
				CLANG_WARN_EMPTY_BODY = YES;
				CLANG_WARN_ENUM_CONVERSION = YES;
				CLANG_WARN_INFINITE_RECURSION = YES;
				CLANG_WARN_INT_CONVERSION = YES;
				CLANG_WARN_NON_LITERAL_NULL_CONVERSION = YES;
				CLANG_WARN_OBJC_IMPLICIT_RETAIN_SELF = YES;
				CLANG_WARN_OBJC_LITERAL_CONVERSION = YES;
				CLANG_WARN_OBJC_ROOT_CLASS = YES_ERROR;
				CLANG_WARN_QUOTED_INCLUDE_IN_FRAMEWORK_HEADER = YES;
				CLANG_WARN_RANGE_LOOP_ANALYSIS = YES;
				CLANG_WARN_STRICT_PROTOTYPES = YES;
				CLANG_WARN_SUSPICIOUS_MOVE = YES;
				CLANG_WARN_UNGUARDED_AVAILABILITY = YES_AGGRESSIVE;
				CLANG_WARN_UNREACHABLE_CODE = YES;
				CLANG_WARN__DUPLICATE_METHOD_MATCH = YES;
				COPY_PHASE_STRIP = NO;
				DEBUG_INFORMATION_FORMAT = "dwarf-with-dsym";
				ENABLE_NS_ASSERTIONS = NO;
				ENABLE_STRICT_OBJC_MSGSEND = YES;
				GCC_C_LANGUAGE_STANDARD = gnu11;
				GCC_NO_COMMON_BLOCKS = YES;
				GCC_WARN_64_TO_32_BIT_CONVERSION = YES;
				GCC_WARN_ABOUT_RETURN_TYPE = YES_ERROR;
				GCC_WARN_UNDECLARED_SELECTOR = YES;
				GCC_WARN_UNINITIALIZED_AUTOS = YES_AGGRESSIVE;
				GCC_WARN_UNUSED_FUNCTION = YES;
				GCC_WARN_UNUSED_VARIABLE = YES;
				IPHONEOS_DEPLOYMENT_TARGET = 16.4;
				MTL_ENABLE_DEBUG_INFO = NO;
				MTL_FAST_MATH = YES;
				SDKROOT = iphoneos;
				SWIFT_COMPILATION_MODE = wholemodule;
				SWIFT_OPTIMIZATION_LEVEL = "-O";
				VALIDATE_PRODUCT = YES;
			};
			name = Release;
		};
		20C58C652A25080300132FD2 /* Debug */ = {
			isa = XCBuildConfiguration;
			buildSettings = {
				ASSETCATALOG_COMPILER_APPICON_NAME = AppIcon;
				ASSETCATALOG_COMPILER_GLOBAL_ACCENT_COLOR_NAME = AccentColor;
				CODE_SIGN_STYLE = Automatic;
				CURRENT_PROJECT_VERSION = 1;
				DEVELOPMENT_ASSET_PATHS = "\"ar-stylist/Preview Content\"";
				DEVELOPMENT_TEAM = 4WQ2T93P22;
				ENABLE_PREVIEWS = YES;
				GENERATE_INFOPLIST_FILE = YES;
				INFOPLIST_KEY_NSCameraUsageDescription = "Please let me use the camera for AR";
				INFOPLIST_KEY_UIApplicationSceneManifest_Generation = YES;
				INFOPLIST_KEY_UIApplicationSupportsIndirectInputEvents = YES;
				INFOPLIST_KEY_UILaunchScreen_Generation = YES;
				INFOPLIST_KEY_UISupportedInterfaceOrientations_iPad = "UIInterfaceOrientationPortrait UIInterfaceOrientationPortraitUpsideDown UIInterfaceOrientationLandscapeLeft UIInterfaceOrientationLandscapeRight";
				INFOPLIST_KEY_UISupportedInterfaceOrientations_iPhone = "UIInterfaceOrientationPortrait UIInterfaceOrientationLandscapeLeft UIInterfaceOrientationLandscapeRight";
				LD_RUNPATH_SEARCH_PATHS = (
					"$(inherited)",
					"@executable_path/Frameworks",
				);
				MARKETING_VERSION = 1.0;
				PRODUCT_BUNDLE_IDENTIFIER = "com.salesforce.sfdt.ar-stylist.ar-stylist";
				PRODUCT_NAME = "$(TARGET_NAME)";
				SWIFT_EMIT_LOC_STRINGS = YES;
				SWIFT_VERSION = 5.0;
				TARGETED_DEVICE_FAMILY = "1,2";
			};
			name = Debug;
		};
		20C58C662A25080300132FD2 /* Release */ = {
			isa = XCBuildConfiguration;
			buildSettings = {
				ASSETCATALOG_COMPILER_APPICON_NAME = AppIcon;
				ASSETCATALOG_COMPILER_GLOBAL_ACCENT_COLOR_NAME = AccentColor;
				CODE_SIGN_STYLE = Automatic;
				CURRENT_PROJECT_VERSION = 1;
				DEVELOPMENT_ASSET_PATHS = "\"ar-stylist/Preview Content\"";
				DEVELOPMENT_TEAM = 4WQ2T93P22;
				ENABLE_PREVIEWS = YES;
				GENERATE_INFOPLIST_FILE = YES;
				INFOPLIST_KEY_NSCameraUsageDescription = "Please let me use the camera for AR";
				INFOPLIST_KEY_UIApplicationSceneManifest_Generation = YES;
				INFOPLIST_KEY_UIApplicationSupportsIndirectInputEvents = YES;
				INFOPLIST_KEY_UILaunchScreen_Generation = YES;
				INFOPLIST_KEY_UISupportedInterfaceOrientations_iPad = "UIInterfaceOrientationPortrait UIInterfaceOrientationPortraitUpsideDown UIInterfaceOrientationLandscapeLeft UIInterfaceOrientationLandscapeRight";
				INFOPLIST_KEY_UISupportedInterfaceOrientations_iPhone = "UIInterfaceOrientationPortrait UIInterfaceOrientationLandscapeLeft UIInterfaceOrientationLandscapeRight";
				LD_RUNPATH_SEARCH_PATHS = (
					"$(inherited)",
					"@executable_path/Frameworks",
				);
				MARKETING_VERSION = 1.0;
				PRODUCT_BUNDLE_IDENTIFIER = "com.salesforce.sfdt.ar-stylist.ar-stylist";
				PRODUCT_NAME = "$(TARGET_NAME)";
				SWIFT_EMIT_LOC_STRINGS = YES;
				SWIFT_VERSION = 5.0;
				TARGETED_DEVICE_FAMILY = "1,2";
			};
			name = Release;
		};
/* End XCBuildConfiguration section */

/* Begin XCConfigurationList section */
		20C58C512A25080000132FD2 /* Build configuration list for PBXProject "ar-stylist" */ = {
			isa = XCConfigurationList;
			buildConfigurations = (
				20C58C622A25080300132FD2 /* Debug */,
				20C58C632A25080300132FD2 /* Release */,
			);
			defaultConfigurationIsVisible = 0;
			defaultConfigurationName = Release;
		};
		20C58C642A25080300132FD2 /* Build configuration list for PBXNativeTarget "ar-stylist" */ = {
			isa = XCConfigurationList;
			buildConfigurations = (
				20C58C652A25080300132FD2 /* Debug */,
				20C58C662A25080300132FD2 /* Release */,
			);
			defaultConfigurationIsVisible = 0;
			defaultConfigurationName = Release;
		};
/* End XCConfigurationList section */
	};
	rootObject = 20C58C4E2A25080000132FD2 /* Project object */;
}
